
Microsoft Visual Studio Solution File, Format Version 12.00
# Visual Studio Express 15 for Windows Desktop
VisualStudioVersion = 15.0.28307.852
MinimumVisualStudioVersion = 10.0.40219.1
Project("{FAE04EC0-301F-11D3-BF4B-00C04F79EFBC}") = "lab1", "lab1\lab1.csproj", "{0EDB69B2-E089-45D5-A4A8-BB9FD3A62F43}"
EndProject
Project("{FAE04EC0-301F-11D3-BF4B-00C04F79EFBC}") = "lab2", "lab2\lab2.csproj", "{7B54F0C5-A558-4B44-B1B2-6ADC8CD0CA95}"
EndProject
Project("{FAE04EC0-301F-11D3-BF4B-00C04F79EFBC}") = "lab3", "lab3\lab3.csproj", "{E4356869-E028-4C0F-9963-AFD04E918D8C}"
EndProject
Project("{FAE04EC0-301F-11D3-BF4B-00C04F79EFBC}") = "lab4", "lab4\lab4.csproj", "{79C16A14-D1D6-46DB-87F0-B398312BBDB6}"
EndProject
Project("{FAE04EC0-301F-11D3-BF4B-00C04F79EFBC}") = "lab5", "lab5\lab5.csproj", "{4FC2669B-F699-4A60-B2AF-27D5499C4D62}"
EndProject
Project("{FAE04EC0-301F-11D3-BF4B-00C04F79EFBC}") = "SystemInfoViewer", "SystemInfoViewer\SystemInfoViewer.csproj", "{7BCC67A7-B144-4F2A-B19E-21CB72F2F105}"
EndProject
Project("{FAE04EC0-301F-11D3-BF4B-00C04F79EFBC}") = "WebImageViewer", "WebImageViewer\WebImageViewer.csproj", "{62B9CEAD-ED7F-4CED-838B-B7C3E6D37337}"
EndProject
Project("{FAE04EC0-301F-11D3-BF4B-00C04F79EFBC}") = "ProcessTextFiles", "ProcessTextFiles\ProcessTextFiles.csproj", "{6531CA53-C3CD-4BD1-8F54-826C94304DB9}"
EndProject
Global
	GlobalSection(SolutionConfigurationPlatforms) = preSolution
		Debug|Any CPU = Debug|Any CPU
		Release|Any CPU = Release|Any CPU
	EndGlobalSection
	GlobalSection(ProjectConfigurationPlatforms) = postSolution
		{0EDB69B2-E089-45D5-A4A8-BB9FD3A62F43}.Debug|Any CPU.ActiveCfg = Debug|Any CPU
		{0EDB69B2-E089-45D5-A4A8-BB9FD3A62F43}.Debug|Any CPU.Build.0 = Debug|Any CPU
		{0EDB69B2-E089-45D5-A4A8-BB9FD3A62F43}.Release|Any CPU.ActiveCfg = Release|Any CPU
		{0EDB69B2-E089-45D5-A4A8-BB9FD3A62F43}.Release|Any CPU.Build.0 = Release|Any CPU
		{7B54F0C5-A558-4B44-B1B2-6ADC8CD0CA95}.Debug|Any CPU.ActiveCfg = Debug|Any CPU
		{7B54F0C5-A558-4B44-B1B2-6ADC8CD0CA95}.Debug|Any CPU.Build.0 = Debug|Any CPU
		{7B54F0C5-A558-4B44-B1B2-6ADC8CD0CA95}.Release|Any CPU.ActiveCfg = Release|Any CPU
		{7B54F0C5-A558-4B44-B1B2-6ADC8CD0CA95}.Release|Any CPU.Build.0 = Release|Any CPU
		{E4356869-E028-4C0F-9963-AFD04E918D8C}.Debug|Any CPU.ActiveCfg = Debug|Any CPU
		{E4356869-E028-4C0F-9963-AFD04E918D8C}.Debug|Any CPU.Build.0 = Debug|Any CPU
		{E4356869-E028-4C0F-9963-AFD04E918D8C}.Release|Any CPU.ActiveCfg = Release|Any CPU
		{E4356869-E028-4C0F-9963-AFD04E918D8C}.Release|Any CPU.Build.0 = Release|Any CPU
		{79C16A14-D1D6-46DB-87F0-B398312BBDB6}.Debug|Any CPU.ActiveCfg = Debug|Any CPU
		{79C16A14-D1D6-46DB-87F0-B398312BBDB6}.Debug|Any CPU.Build.0 = Debug|Any CPU
		{79C16A14-D1D6-46DB-87F0-B398312BBDB6}.Release|Any CPU.ActiveCfg = Release|Any CPU
		{79C16A14-D1D6-46DB-87F0-B398312BBDB6}.Release|Any CPU.Build.0 = Release|Any CPU
		{4FC2669B-F699-4A60-B2AF-27D5499C4D62}.Debug|Any CPU.ActiveCfg = Debug|Any CPU
		{4FC2669B-F699-4A60-B2AF-27D5499C4D62}.Debug|Any CPU.Build.0 = Debug|Any CPU
		{4FC2669B-F699-4A60-B2AF-27D5499C4D62}.Release|Any CPU.ActiveCfg = Release|Any CPU
		{4FC2669B-F699-4A60-B2AF-27D5499C4D62}.Release|Any CPU.Build.0 = Release|Any CPU
		{7BCC67A7-B144-4F2A-B19E-21CB72F2F105}.Debug|Any CPU.ActiveCfg = Debug|Any CPU
		{7BCC67A7-B144-4F2A-B19E-21CB72F2F105}.Debug|Any CPU.Build.0 = Debug|Any CPU
		{7BCC67A7-B144-4F2A-B19E-21CB72F2F105}.Release|Any CPU.ActiveCfg = Release|Any CPU
		{7BCC67A7-B144-4F2A-B19E-21CB72F2F105}.Release|Any CPU.Build.0 = Release|Any CPU
		{62B9CEAD-ED7F-4CED-838B-B7C3E6D37337}.Debug|Any CPU.ActiveCfg = Debug|Any CPU
		{62B9CEAD-ED7F-4CED-838B-B7C3E6D37337}.Debug|Any CPU.Build.0 = Debug|Any CPU
		{62B9CEAD-ED7F-4CED-838B-B7C3E6D37337}.Release|Any CPU.ActiveCfg = Release|Any CPU
		{62B9CEAD-ED7F-4CED-838B-B7C3E6D37337}.Release|Any CPU.Build.0 = Release|Any CPU
		{6531CA53-C3CD-4BD1-8F54-826C94304DB9}.Debug|Any CPU.ActiveCfg = Debug|Any CPU
		{6531CA53-C3CD-4BD1-8F54-826C94304DB9}.Debug|Any CPU.Build.0 = Debug|Any CPU
		{6531CA53-C3CD-4BD1-8F54-826C94304DB9}.Release|Any CPU.ActiveCfg = Release|Any CPU
		{6531CA53-C3CD-4BD1-8F54-826C94304DB9}.Release|Any CPU.Build.0 = Release|Any CPU
	EndGlobalSection
	GlobalSection(SolutionProperties) = preSolution
		HideSolutionNode = FALSE
	EndGlobalSection
	GlobalSection(ExtensibilityGlobals) = postSolution
		SolutionGuid = {91B99AC6-5187-4B3A-AE0E-6AAC96E2A17E}
	EndGlobalSection
EndGlobal
